{
  "name": "jables-multiproc",
  "version": "0.0.1",
  "lockfileVersion": 1,
  "requires": true,
  "dependencies": {
    "jables": {
      "version": "git+https://github.com/nickveliki/Jabels.git#d91ff75231b5c4798b4947e089043ac795060454",
      "from": "git+https://github.com/nickveliki/Jabels.git"
    }
  }
}
